
Microsoft Visual Studio Solution File, Format Version 12.00
# Visual Studio 2013
VisualStudioVersion = 12.0.31101.0
MinimumVisualStudioVersion = 10.0.40219.1
Project("{FAE04EC0-301F-11D3-BF4B-00C04F79EFBC}") = "Hanbura", "Hanbura\Hanbura.csproj", "{2803DE18-B137-4F33-9F54-7C34F8CE4E4B}"
EndProject
Project("{FAE04EC0-301F-11D3-BF4B-00C04F79EFBC}") = "Hanbura.Common", "Hanbura.Common\Hanbura.Common.csproj", "{5ED06993-9D61-46A7-A76D-A82350F86481}"
EndProject
Project("{2150E333-8FDC-42A3-9474-1A3956D46DE8}") = ".nuget", ".nuget", "{35A9ABF8-BB5D-4E9B-88BF-944D12224933}"
	ProjectSection(SolutionItems) = preProject
		.nuget\NuGet.Config = .nuget\NuGet.Config
		.nuget\NuGet.exe = .nuget\NuGet.exe
		.nuget\NuGet.targets = .nuget\NuGet.targets
	EndProjectSection
EndProject
Project("{2150E333-8FDC-42A3-9474-1A3956D46DE8}") = "Testes", "Testes", "{B7EB4A7A-1456-4E35-916E-ABF8E2C47AD7}"
EndProject
Project("{FAE04EC0-301F-11D3-BF4B-00C04F79EFBC}") = "Hanbura.Test", "Hanbura.Test\Hanbura.Test.csproj", "{1F9166B2-A8F8-44E1-AE6F-3C28FC9FBA3D}"
EndProject
Project("{FAE04EC0-301F-11D3-BF4B-00C04F79EFBC}") = "Hanbura.TestGamePlugin", "Hanbura.TestGamePlugin\Hanbura.TestGamePlugin.csproj", "{7EDF0845-EBFA-4A83-BCBF-A2B7DBD24D6B}"
EndProject
Global
	GlobalSection(SolutionConfigurationPlatforms) = preSolution
		Debug|Any CPU = Debug|Any CPU
		Release|Any CPU = Release|Any CPU
	EndGlobalSection
	GlobalSection(ProjectConfigurationPlatforms) = postSolution
		{2803DE18-B137-4F33-9F54-7C34F8CE4E4B}.Debug|Any CPU.ActiveCfg = Debug|Any CPU
		{2803DE18-B137-4F33-9F54-7C34F8CE4E4B}.Debug|Any CPU.Build.0 = Debug|Any CPU
		{2803DE18-B137-4F33-9F54-7C34F8CE4E4B}.Release|Any CPU.ActiveCfg = Release|Any CPU
		{2803DE18-B137-4F33-9F54-7C34F8CE4E4B}.Release|Any CPU.Build.0 = Release|Any CPU
		{5ED06993-9D61-46A7-A76D-A82350F86481}.Debug|Any CPU.ActiveCfg = Debug|Any CPU
		{5ED06993-9D61-46A7-A76D-A82350F86481}.Debug|Any CPU.Build.0 = Debug|Any CPU
		{5ED06993-9D61-46A7-A76D-A82350F86481}.Release|Any CPU.ActiveCfg = Release|Any CPU
		{5ED06993-9D61-46A7-A76D-A82350F86481}.Release|Any CPU.Build.0 = Release|Any CPU
		{1F9166B2-A8F8-44E1-AE6F-3C28FC9FBA3D}.Debug|Any CPU.ActiveCfg = Debug|Any CPU
		{1F9166B2-A8F8-44E1-AE6F-3C28FC9FBA3D}.Debug|Any CPU.Build.0 = Debug|Any CPU
		{1F9166B2-A8F8-44E1-AE6F-3C28FC9FBA3D}.Release|Any CPU.ActiveCfg = Release|Any CPU
		{1F9166B2-A8F8-44E1-AE6F-3C28FC9FBA3D}.Release|Any CPU.Build.0 = Release|Any CPU
		{7EDF0845-EBFA-4A83-BCBF-A2B7DBD24D6B}.Debug|Any CPU.ActiveCfg = Debug|Any CPU
		{7EDF0845-EBFA-4A83-BCBF-A2B7DBD24D6B}.Debug|Any CPU.Build.0 = Debug|Any CPU
		{7EDF0845-EBFA-4A83-BCBF-A2B7DBD24D6B}.Release|Any CPU.ActiveCfg = Release|Any CPU
		{7EDF0845-EBFA-4A83-BCBF-A2B7DBD24D6B}.Release|Any CPU.Build.0 = Release|Any CPU
	EndGlobalSection
	GlobalSection(SolutionProperties) = preSolution
		HideSolutionNode = FALSE
	EndGlobalSection
	GlobalSection(NestedProjects) = preSolution
		{1F9166B2-A8F8-44E1-AE6F-3C28FC9FBA3D} = {B7EB4A7A-1456-4E35-916E-ABF8E2C47AD7}
	EndGlobalSection
EndGlobal
